PODS:
  - Alamofire (3.4.1)
  - JBChartView (3.0.12)
  - MBCircularProgressBar (0.3.4)
  - Realm (1.0.2):
    - Realm/Headers (= 1.0.2)
  - Realm/Headers (1.0.2)
  - RealmSwift (1.0.2):
    - Realm (= 1.0.2)
  - SwiftyJSON (2.3.2)

DEPENDENCIES:
  - Alamofire (~> 3.4)
  - JBChartView
  - MBCircularProgressBar
  - RealmSwift
  - SwiftyJSON

SPEC CHECKSUMS:
  Alamofire: 01a82e2f6c0f860ade35534c8dd88be61bdef40c
  JBChartView: 08877554448ccf99c12625ad0ebce70588ff8318
  MBCircularProgressBar: ff3b8e2f441214d9ee122a24ba0d4d00cc7de881
  Realm: 9d5c46a4d7d27958530a8dfc58f63a99e5c2cba3
  RealmSwift: 82f3ac5e24530143dddfde2033acc0d308f27d96
  SwiftyJSON: 04ccea08915aa0109039157c7974cf0298da292a

PODFILE CHECKSUM: c4be973f3317f73509eaa00a540c5bdca6fc782e

COCOAPODS: 1.0.1
