// !$*UTF8*$!
{
	archiveVersion = 1;
	classes = {
	};
	objectVersion = 46;
	objects = {

/* Begin PBXBuildFile section */
		8F4C97345ACF69C13E50C10F /* Pods_Rankem.framework in Frameworks */ = {isa = PBXBuildFile; fileRef = 1D691AE8C6FD495C58BCFA78 /* Pods_Rankem.framework */; };
		FE20E9531D39489A0061084F /* webViewController.swift in Sources */ = {isa = PBXBuildFile; fileRef = FE20E9521D39489A0061084F /* webViewController.swift */; };
		FE2EE1061D4BD9A30012A587 /* RealmHelper.swift in Sources */ = {isa = PBXBuildFile; fileRef = FE2EE1051D4BD9A30012A587 /* RealmHelper.swift */; };
		FE68EEE51D3823E5005EF0DF /* AppDelegate.swift in Sources */ = {isa = PBXBuildFile; fileRef = FE68EEE41D3823E5005EF0DF /* AppDelegate.swift */; };
		FE68EEE71D3823E5005EF0DF /* ViewController.swift in Sources */ = {isa = PBXBuildFile; fileRef = FE68EEE61D3823E5005EF0DF /* ViewController.swift */; };
		FE68EEEA1D3823E5005EF0DF /* Main.storyboard in Resources */ = {isa = PBXBuildFile; fileRef = FE68EEE81D3823E5005EF0DF /* Main.storyboard */; };
		FE68EEEC1D3823E5005EF0DF /* Assets.xcassets in Resources */ = {isa = PBXBuildFile; fileRef = FE68EEEB1D3823E5005EF0DF /* Assets.xcassets */; };
		FE68EEEF1D3823E5005EF0DF /* LaunchScreen.storyboard in Resources */ = {isa = PBXBuildFile; fileRef = FE68EEED1D3823E5005EF0DF /* LaunchScreen.storyboard */; };
		FEAED3C91D3ECA1100FE4F93 /* statViewController.swift in Sources */ = {isa = PBXBuildFile; fileRef = FEAED3C81D3ECA1100FE4F93 /* statViewController.swift */; };
		FEBCC81C1D46AD9A00995737 /* DetailStatViewController.swift in Sources */ = {isa = PBXBuildFile; fileRef = FEBCC81B1D46AD9A00995737 /* DetailStatViewController.swift */; };
		FEE48F531D4ABE9700A832A3 /* JBChart.h in Headers */ = {isa = PBXBuildFile; fileRef = FEE48F521D4ABE9700A832A3 /* JBChart.h */; settings = {ATTRIBUTES = (Public, ); }; };
/* End PBXBuildFile section */

/* Begin PBXContainerItemProxy section */
		FEE48F551D4ABE9800A832A3 /* PBXContainerItemProxy */ = {
			isa = PBXContainerItemProxy;
			containerPortal = FE68EED91D3823E5005EF0DF /* Project object */;
			proxyType = 1;
			remoteGlobalIDString = FEE48F4F1D4ABE9700A832A3;
			remoteInfo = JBChart;
		};
/* End PBXContainerItemProxy section */

/* Begin PBXCopyFilesBuildPhase section */
		FEE48F5C1D4ABE9800A832A3 /* Embed Frameworks */ = {
			isa = PBXCopyFilesBuildPhase;
			buildActionMask = 2147483647;
			dstPath = "";
			dstSubfolderSpec = 10;
			files = (
			);
			name = "Embed Frameworks";
			runOnlyForDeploymentPostprocessing = 0;
		};
/* End PBXCopyFilesBuildPhase section */

/* Begin PBXFileReference section */
		1D691AE8C6FD495C58BCFA78 /* Pods_Rankem.framework */ = {isa = PBXFileReference; explicitFileType = wrapper.framework; includeInIndex = 0; path = Pods_Rankem.framework; sourceTree = BUILT_PRODUCTS_DIR; };
		54EDC280ED6A84E3999D7460 /* Pods-Rankem.release.xcconfig */ = {isa = PBXFileReference; includeInIndex = 1; lastKnownFileType = text.xcconfig; name = "Pods-Rankem.release.xcconfig"; path = "Pods/Target Support Files/Pods-Rankem/Pods-Rankem.release.xcconfig"; sourceTree = "<group>"; };
		6EB1F1F83927CAC05AE065E3 /* Pods-Rankem.debug.xcconfig */ = {isa = PBXFileReference; includeInIndex = 1; lastKnownFileType = text.xcconfig; name = "Pods-Rankem.debug.xcconfig"; path = "Pods/Target Support Files/Pods-Rankem/Pods-Rankem.debug.xcconfig"; sourceTree = "<group>"; };
		FE20E9521D39489A0061084F /* webViewController.swift */ = {isa = PBXFileReference; fileEncoding = 4; lastKnownFileType = sourcecode.swift; path = webViewController.swift; sourceTree = "<group>"; };
		FE2EE1021D4BC1D00012A587 /* Rankem.app */ = {isa = PBXFileReference; explicitFileType = wrapper.application; includeInIndex = 0; path = Rankem.app; sourceTree = BUILT_PRODUCTS_DIR; };
		FE2EE1031D4BC1D00012A587 /* JBChart.framework */ = {isa = PBXFileReference; explicitFileType = wrapper.framework; includeInIndex = 0; path = JBChart.framework; sourceTree = BUILT_PRODUCTS_DIR; };
		FE2EE1051D4BD9A30012A587 /* RealmHelper.swift */ = {isa = PBXFileReference; fileEncoding = 4; lastKnownFileType = sourcecode.swift; path = RealmHelper.swift; sourceTree = "<group>"; };
		FE68EEE41D3823E5005EF0DF /* AppDelegate.swift */ = {isa = PBXFileReference; lastKnownFileType = sourcecode.swift; path = AppDelegate.swift; sourceTree = "<group>"; };
		FE68EEE61D3823E5005EF0DF /* ViewController.swift */ = {isa = PBXFileReference; lastKnownFileType = sourcecode.swift; path = ViewController.swift; sourceTree = "<group>"; };
		FE68EEE91D3823E5005EF0DF /* Base */ = {isa = PBXFileReference; lastKnownFileType = file.storyboard; name = Base; path = Base.lproj/Main.storyboard; sourceTree = "<group>"; };
		FE68EEEB1D3823E5005EF0DF /* Assets.xcassets */ = {isa = PBXFileReference; lastKnownFileType = folder.assetcatalog; path = Assets.xcassets; sourceTree = "<group>"; };
		FE68EEEE1D3823E5005EF0DF /* Base */ = {isa = PBXFileReference; lastKnownFileType = file.storyboard; name = Base; path = Base.lproj/LaunchScreen.storyboard; sourceTree = "<group>"; };
		FE68EEF01D3823E5005EF0DF /* Info.plist */ = {isa = PBXFileReference; lastKnownFileType = text.plist.xml; path = Info.plist; sourceTree = "<group>"; };
		FEAED3C81D3ECA1100FE4F93 /* statViewController.swift */ = {isa = PBXFileReference; fileEncoding = 4; lastKnownFileType = sourcecode.swift; path = statViewController.swift; sourceTree = "<group>"; };
		FEBCC81B1D46AD9A00995737 /* DetailStatViewController.swift */ = {isa = PBXFileReference; fileEncoding = 4; lastKnownFileType = sourcecode.swift; path = DetailStatViewController.swift; sourceTree = "<group>"; };
		FEE48F521D4ABE9700A832A3 /* JBChart.h */ = {isa = PBXFileReference; lastKnownFileType = sourcecode.c.h; path = JBChart.h; sourceTree = "<group>"; };
		FEE48F541D4ABE9700A832A3 /* Info.plist */ = {isa = PBXFileReference; lastKnownFileType = text.plist.xml; path = Info.plist; sourceTree = "<group>"; };
/* End PBXFileReference section */

/* Begin PBXFrameworksBuildPhase section */
		FE68EEDE1D3823E5005EF0DF /* Frameworks */ = {
			isa = PBXFrameworksBuildPhase;
			buildActionMask = 2147483647;
			files = (
				8F4C97345ACF69C13E50C10F /* Pods_Rankem.framework in Frameworks */,
			);
			runOnlyForDeploymentPostprocessing = 0;
		};
		FEE48F4C1D4ABE9700A832A3 /* Frameworks */ = {
			isa = PBXFrameworksBuildPhase;
			buildActionMask = 2147483647;
			files = (
			);
			runOnlyForDeploymentPostprocessing = 0;
		};
/* End PBXFrameworksBuildPhase section */

/* Begin PBXGroup section */
		69EFD02CDBD022D88651A83E /* Frameworks */ = {
			isa = PBXGroup;
			children = (
				1D691AE8C6FD495C58BCFA78 /* Pods_Rankem.framework */,
			);
			name = Frameworks;
			sourceTree = "<group>";
		};
		BA4294F192362AAFF460AA13 /* Pods */ = {
			isa = PBXGroup;
			children = (
				6EB1F1F83927CAC05AE065E3 /* Pods-Rankem.debug.xcconfig */,
				54EDC280ED6A84E3999D7460 /* Pods-Rankem.release.xcconfig */,
			);
			name = Pods;
			sourceTree = "<group>";
		};
		FE2EE1041D4BD9880012A587 /* Helper */ = {
			isa = PBXGroup;
			children = (
				FE2EE1051D4BD9A30012A587 /* RealmHelper.swift */,
			);
			name = Helper;
			sourceTree = "<group>";
		};
		FE68EED81D3823E5005EF0DF = {
			isa = PBXGroup;
			children = (
				FE68EEE31D3823E5005EF0DF /* Rankem */,
				BA4294F192362AAFF460AA13 /* Pods */,
				FEE48F511D4ABE9700A832A3 /* JBChart */,
				69EFD02CDBD022D88651A83E /* Frameworks */,
				FE2EE1021D4BC1D00012A587 /* Rankem.app */,
				FE2EE1031D4BC1D00012A587 /* JBChart.framework */,
			);
			sourceTree = "<group>";
		};
		FE68EEE31D3823E5005EF0DF /* Rankem */ = {
			isa = PBXGroup;
			children = (
				FE68EEE41D3823E5005EF0DF /* AppDelegate.swift */,
				FE68EEE61D3823E5005EF0DF /* ViewController.swift */,
				FEAED3C81D3ECA1100FE4F93 /* statViewController.swift */,
				FE20E9521D39489A0061084F /* webViewController.swift */,
				FEBCC81B1D46AD9A00995737 /* DetailStatViewController.swift */,
				FE68EEE81D3823E5005EF0DF /* Main.storyboard */,
				FE2EE1041D4BD9880012A587 /* Helper */,
				FE68EEEB1D3823E5005EF0DF /* Assets.xcassets */,
				FE68EEED1D3823E5005EF0DF /* LaunchScreen.storyboard */,
				FE68EEF01D3823E5005EF0DF /* Info.plist */,
			);
			path = Rankem;
			sourceTree = "<group>";
		};
		FEE48F511D4ABE9700A832A3 /* JBChart */ = {
			isa = PBXGroup;
			children = (
				FEE48F521D4ABE9700A832A3 /* JBChart.h */,
				FEE48F541D4ABE9700A832A3 /* Info.plist */,
			);
			path = JBChart;
			sourceTree = "<group>";
		};
/* End PBXGroup section */

/* Begin PBXHeadersBuildPhase section */
		FEE48F4D1D4ABE9700A832A3 /* Headers */ = {
			isa = PBXHeadersBuildPhase;
			buildActionMask = 2147483647;
			files = (
				FEE48F531D4ABE9700A832A3 /* JBChart.h in Headers */,
			);
			runOnlyForDeploymentPostprocessing = 0;
		};
/* End PBXHeadersBuildPhase section */

/* Begin PBXNativeTarget section */
		FE68EEE01D3823E5005EF0DF /* Rankem */ = {
			isa = PBXNativeTarget;
			buildConfigurationList = FE68EEF31D3823E5005EF0DF /* Build configuration list for PBXNativeTarget "Rankem" */;
			buildPhases = (
				CEFC2B6AC3F35044775280ED /* [CP] Check Pods Manifest.lock */,
				FE68EEDD1D3823E5005EF0DF /* Sources */,
				FE68EEDE1D3823E5005EF0DF /* Frameworks */,
				FE68EEDF1D3823E5005EF0DF /* Resources */,
				5834212FD4B31D5A3BBFF63C /* [CP] Embed Pods Frameworks */,
				E54ED5BF0ED14AF53BDB64FD /* [CP] Copy Pods Resources */,
				FEE48F5C1D4ABE9800A832A3 /* Embed Frameworks */,
			);
			buildRules = (
			);
			dependencies = (
				FEE48F561D4ABE9800A832A3 /* PBXTargetDependency */,
			);
			name = Rankem;
			productName = Rankem;
			productReference = FE2EE1021D4BC1D00012A587 /* Rankem.app */;
			productType = "com.apple.product-type.application";
		};
		FEE48F4F1D4ABE9700A832A3 /* JBChart */ = {
			isa = PBXNativeTarget;
			buildConfigurationList = FEE48F5B1D4ABE9800A832A3 /* Build configuration list for PBXNativeTarget "JBChart" */;
			buildPhases = (
				FEE48F4B1D4ABE9700A832A3 /* Sources */,
				FEE48F4C1D4ABE9700A832A3 /* Frameworks */,
				FEE48F4D1D4ABE9700A832A3 /* Headers */,
				FEE48F4E1D4ABE9700A832A3 /* Resources */,
			);
			buildRules = (
			);
			dependencies = (
			);
			name = JBChart;
			productName = JBChart;
			productReference = FE2EE1031D4BC1D00012A587 /* JBChart.framework */;
			productType = "com.apple.product-type.framework";
		};
/* End PBXNativeTarget section */

/* Begin PBXProject section */
		FE68EED91D3823E5005EF0DF /* Project object */ = {
			isa = PBXProject;
			attributes = {
				LastSwiftUpdateCheck = 0730;
				LastUpgradeCheck = 0730;
				ORGANIZATIONNAME = AffixGrp;
				TargetAttributes = {
					FE68EEE01D3823E5005EF0DF = {
						CreatedOnToolsVersion = 7.3.1;
					};
					FEE48F4F1D4ABE9700A832A3 = {
						CreatedOnToolsVersion = 7.3.1;
					};
				};
			};
			buildConfigurationList = FE68EEDC1D3823E5005EF0DF /* Build configuration list for PBXProject "Rankem" */;
			compatibilityVersion = "Xcode 3.2";
			developmentRegion = English;
			hasScannedForEncodings = 0;
			knownRegions = (
				en,
				Base,
			);
			mainGroup = FE68EED81D3823E5005EF0DF;
			productRefGroup = FE68EED81D3823E5005EF0DF;
			projectDirPath = "";
			projectRoot = "";
			targets = (
				FE68EEE01D3823E5005EF0DF /* Rankem */,
				FEE48F4F1D4ABE9700A832A3 /* JBChart */,
			);
		};
/* End PBXProject section */

/* Begin PBXResourcesBuildPhase section */
		FE68EEDF1D3823E5005EF0DF /* Resources */ = {
			isa = PBXResourcesBuildPhase;
			buildActionMask = 2147483647;
			files = (
				FE68EEEF1D3823E5005EF0DF /* LaunchScreen.storyboard in Resources */,
				FE68EEEC1D3823E5005EF0DF /* Assets.xcassets in Resources */,
				FE68EEEA1D3823E5005EF0DF /* Main.storyboard in Resources */,
			);
			runOnlyForDeploymentPostprocessing = 0;
		};
		FEE48F4E1D4ABE9700A832A3 /* Resources */ = {
			isa = PBXResourcesBuildPhase;
			buildActionMask = 2147483647;
			files = (
			);
			runOnlyForDeploymentPostprocessing = 0;
		};
/* End PBXResourcesBuildPhase section */

/* Begin PBXShellScriptBuildPhase section */
		5834212FD4B31D5A3BBFF63C /* [CP] Embed Pods Frameworks */ = {
			isa = PBXShellScriptBuildPhase;
			buildActionMask = 2147483647;
			files = (
			);
			inputPaths = (
			);
			name = "[CP] Embed Pods Frameworks";
			outputPaths = (
			);
			runOnlyForDeploymentPostprocessing = 0;
			shellPath = /bin/sh;
			shellScript = "\"${SRCROOT}/Pods/Target Support Files/Pods-Rankem/Pods-Rankem-frameworks.sh\"\n";
			showEnvVarsInLog = 0;
		};
		CEFC2B6AC3F35044775280ED /* [CP] Check Pods Manifest.lock */ = {
			isa = PBXShellScriptBuildPhase;
			buildActionMask = 2147483647;
			files = (
			);
			inputPaths = (
			);
			name = "[CP] Check Pods Manifest.lock";
			outputPaths = (
			);
			runOnlyForDeploymentPostprocessing = 0;
			shellPath = /bin/sh;
			shellScript = "diff \"${PODS_ROOT}/../Podfile.lock\" \"${PODS_ROOT}/Manifest.lock\" > /dev/null\nif [[ $? != 0 ]] ; then\n    cat << EOM\nerror: The sandbox is not in sync with the Podfile.lock. Run 'pod install' or update your CocoaPods installation.\nEOM\n    exit 1\nfi\n";
			showEnvVarsInLog = 0;
		};
		E54ED5BF0ED14AF53BDB64FD /* [CP] Copy Pods Resources */ = {
			isa = PBXShellScriptBuildPhase;
			buildActionMask = 2147483647;
			files = (
			);
			inputPaths = (
			);
			name = "[CP] Copy Pods Resources";
			outputPaths = (
			);
			runOnlyForDeploymentPostprocessing = 0;
			shellPath = /bin/sh;
			shellScript = "\"${SRCROOT}/Pods/Target Support Files/Pods-Rankem/Pods-Rankem-resources.sh\"\n";
			showEnvVarsInLog = 0;
		};
/* End PBXShellScriptBuildPhase section */

/* Begin PBXSourcesBuildPhase section */
		FE68EEDD1D3823E5005EF0DF /* Sources */ = {
			isa = PBXSourcesBuildPhase;
			buildActionMask = 2147483647;
			files = (
				FEAED3C91D3ECA1100FE4F93 /* statViewController.swift in Sources */,
				FE2EE1061D4BD9A30012A587 /* RealmHelper.swift in Sources */,
				FE20E9531D39489A0061084F /* webViewController.swift in Sources */,
				FEBCC81C1D46AD9A00995737 /* DetailStatViewController.swift in Sources */,
				FE68EEE71D3823E5005EF0DF /* ViewController.swift in Sources */,
				FE68EEE51D3823E5005EF0DF /* AppDelegate.swift in Sources */,
			);
			runOnlyForDeploymentPostprocessing = 0;
		};
		FEE48F4B1D4ABE9700A832A3 /* Sources */ = {
			isa = PBXSourcesBuildPhase;
			buildActionMask = 2147483647;
			files = (
			);
			runOnlyForDeploymentPostprocessing = 0;
		};
/* End PBXSourcesBuildPhase section */

/* Begin PBXTargetDependency section */
		FEE48F561D4ABE9800A832A3 /* PBXTargetDependency */ = {
			isa = PBXTargetDependency;
			target = FEE48F4F1D4ABE9700A832A3 /* JBChart */;
			targetProxy = FEE48F551D4ABE9800A832A3 /* PBXContainerItemProxy */;
		};
/* End PBXTargetDependency section */

/* Begin PBXVariantGroup section */
		FE68EEE81D3823E5005EF0DF /* Main.storyboard */ = {
			isa = PBXVariantGroup;
			children = (
				FE68EEE91D3823E5005EF0DF /* Base */,
			);
			name = Main.storyboard;
			sourceTree = "<group>";
		};
		FE68EEED1D3823E5005EF0DF /* LaunchScreen.storyboard */ = {
			isa = PBXVariantGroup;
			children = (
				FE68EEEE1D3823E5005EF0DF /* Base */,
			);
			name = LaunchScreen.storyboard;
			sourceTree = "<group>";
		};
/* End PBXVariantGroup section */

/* Begin XCBuildConfiguration section */
		FE68EEF11D3823E5005EF0DF /* Debug */ = {
			isa = XCBuildConfiguration;
			buildSettings = {
				ALWAYS_SEARCH_USER_PATHS = NO;
				CLANG_ANALYZER_NONNULL = YES;
				CLANG_CXX_LANGUAGE_STANDARD = "gnu++0x";
				CLANG_CXX_LIBRARY = "libc++";
				CLANG_ENABLE_MODULES = YES;
				CLANG_ENABLE_OBJC_ARC = YES;
				CLANG_WARN_BOOL_CONVERSION = YES;
				CLANG_WARN_CONSTANT_CONVERSION = YES;
				CLANG_WARN_DIRECT_OBJC_ISA_USAGE = YES_ERROR;
				CLANG_WARN_EMPTY_BODY = YES;
				CLANG_WARN_ENUM_CONVERSION = YES;
				CLANG_WARN_INT_CONVERSION = YES;
				CLANG_WARN_OBJC_ROOT_CLASS = YES_ERROR;
				CLANG_WARN_UNREACHABLE_CODE = YES;
				CLANG_WARN__DUPLICATE_METHOD_MATCH = YES;
				"CODE_SIGN_IDENTITY[sdk=iphoneos*]" = "iPhone Developer";
				COPY_PHASE_STRIP = NO;
				DEBUG_INFORMATION_FORMAT = dwarf;
				ENABLE_STRICT_OBJC_MSGSEND = YES;
				ENABLE_TESTABILITY = YES;
				GCC_C_LANGUAGE_STANDARD = gnu99;
				GCC_DYNAMIC_NO_PIC = NO;
				GCC_NO_COMMON_BLOCKS = YES;
				GCC_OPTIMIZATION_LEVEL = 0;
				GCC_PREPROCESSOR_DEFINITIONS = (
					"DEBUG=1",
					"$(inherited)",
				);
				GCC_WARN_64_TO_32_BIT_CONVERSION = YES;
				GCC_WARN_ABOUT_RETURN_TYPE = YES_ERROR;
				GCC_WARN_UNDECLARED_SELECTOR = YES;
				GCC_WARN_UNINITIALIZED_AUTOS = YES_AGGRESSIVE;
				GCC_WARN_UNUSED_FUNCTION = YES;
				GCC_WARN_UNUSED_VARIABLE = YES;
				IPHONEOS_DEPLOYMENT_TARGET = 9.3;
				MTL_ENABLE_DEBUG_INFO = YES;
				ONLY_ACTIVE_ARCH = YES;
				SDKROOT = iphoneos;
				SWIFT_OPTIMIZATION_LEVEL = "-Onone";
				TARGETED_DEVICE_FAMILY = "1,2";
			};
			name = Debug;
		};
		FE68EEF21D3823E5005EF0DF /* Release */ = {
			isa = XCBuildConfiguration;
			buildSettings = {
				ALWAYS_SEARCH_USER_PATHS = NO;
				CLANG_ANALYZER_NONNULL = YES;
				CLANG_CXX_LANGUAGE_STANDARD = "gnu++0x";
				CLANG_CXX_LIBRARY = "libc++";
				CLANG_ENABLE_MODULES = YES;
				CLANG_ENABLE_OBJC_ARC = YES;
				CLANG_WARN_BOOL_CONVERSION = YES;
				CLANG_WARN_CONSTANT_CONVERSION = YES;
				CLANG_WARN_DIRECT_OBJC_ISA_USAGE = YES_ERROR;
				CLANG_WARN_EMPTY_BODY = YES;
				CLANG_WARN_ENUM_CONVERSION = YES;
				CLANG_WARN_INT_CONVERSION = YES;
				CLANG_WARN_OBJC_ROOT_CLASS = YES_ERROR;
				CLANG_WARN_UNREACHABLE_CODE = YES;
				CLANG_WARN__DUPLICATE_METHOD_MATCH = YES;
				"CODE_SIGN_IDENTITY[sdk=iphoneos*]" = "iPhone Developer";
				COPY_PHASE_STRIP = NO;
				DEBUG_INFORMATION_FORMAT = "dwarf-with-dsym";
				ENABLE_NS_ASSERTIONS = NO;
				ENABLE_STRICT_OBJC_MSGSEND = YES;
				GCC_C_LANGUAGE_STANDARD = gnu99;
				GCC_NO_COMMON_BLOCKS = YES;
				GCC_WARN_64_TO_32_BIT_CONVERSION = YES;
				GCC_WARN_ABOUT_RETURN_TYPE = YES_ERROR;
				GCC_WARN_UNDECLARED_SELECTOR = YES;
				GCC_WARN_UNINITIALIZED_AUTOS = YES_AGGRESSIVE;
				GCC_WARN_UNUSED_FUNCTION = YES;
				GCC_WARN_UNUSED_VARIABLE = YES;
				IPHONEOS_DEPLOYMENT_TARGET = 9.3;
				MTL_ENABLE_DEBUG_INFO = NO;
				SDKROOT = iphoneos;
				TARGETED_DEVICE_FAMILY = "1,2";
				VALIDATE_PRODUCT = YES;
			};
			name = Release;
		};
		FE68EEF41D3823E5005EF0DF /* Debug */ = {
			isa = XCBuildConfiguration;
			baseConfigurationReference = 6EB1F1F83927CAC05AE065E3 /* Pods-Rankem.debug.xcconfig */;
			buildSettings = {
				ASSETCATALOG_COMPILER_APPICON_NAME = AppIcon;
				INFOPLIST_FILE = Rankem/Info.plist;
				LD_RUNPATH_SEARCH_PATHS = "$(inherited) @executable_path/Frameworks";
				PRODUCT_BUNDLE_IDENTIFIER = com.affixgrp.Rankem;
				PRODUCT_NAME = "$(TARGET_NAME)";
			};
			name = Debug;
		};
		FE68EEF51D3823E5005EF0DF /* Release */ = {
			isa = XCBuildConfiguration;
			baseConfigurationReference = 54EDC280ED6A84E3999D7460 /* Pods-Rankem.release.xcconfig */;
			buildSettings = {
				ASSETCATALOG_COMPILER_APPICON_NAME = AppIcon;
				INFOPLIST_FILE = Rankem/Info.plist;
				LD_RUNPATH_SEARCH_PATHS = "$(inherited) @executable_path/Frameworks";
				PRODUCT_BUNDLE_IDENTIFIER = com.affixgrp.Rankem;
				PRODUCT_NAME = "$(TARGET_NAME)";
			};
			name = Release;
		};
		FEE48F591D4ABE9800A832A3 /* Debug */ = {
			isa = XCBuildConfiguration;
			buildSettings = {
				CURRENT_PROJECT_VERSION = 1;
				DEFINES_MODULE = YES;
				DYLIB_COMPATIBILITY_VERSION = 1;
				DYLIB_CURRENT_VERSION = 1;
				DYLIB_INSTALL_NAME_BASE = "@rpath";
				INFOPLIST_FILE = JBChart/Info.plist;
				INSTALL_PATH = "$(LOCAL_LIBRARY_DIR)/Frameworks";
				LD_RUNPATH_SEARCH_PATHS = "$(inherited) @executable_path/Frameworks @loader_path/Frameworks";
				PRODUCT_BUNDLE_IDENTIFIER = com.affixgrp.JBChart;
				PRODUCT_NAME = "$(TARGET_NAME)";
				SKIP_INSTALL = YES;
				VERSIONING_SYSTEM = "apple-generic";
				VERSION_INFO_PREFIX = "";
			};
			name = Debug;
		};
		FEE48F5A1D4ABE9800A832A3 /* Release */ = {
			isa = XCBuildConfiguration;
			buildSettings = {
				CURRENT_PROJECT_VERSION = 1;
				DEFINES_MODULE = YES;
				DYLIB_COMPATIBILITY_VERSION = 1;
				DYLIB_CURRENT_VERSION = 1;
				DYLIB_INSTALL_NAME_BASE = "@rpath";
				INFOPLIST_FILE = JBChart/Info.plist;
				INSTALL_PATH = "$(LOCAL_LIBRARY_DIR)/Frameworks";
				LD_RUNPATH_SEARCH_PATHS = "$(inherited) @executable_path/Frameworks @loader_path/Frameworks";
				PRODUCT_BUNDLE_IDENTIFIER = com.affixgrp.JBChart;
				PRODUCT_NAME = "$(TARGET_NAME)";
				SKIP_INSTALL = YES;
				VERSIONING_SYSTEM = "apple-generic";
				VERSION_INFO_PREFIX = "";
			};
			name = Release;
		};
/* End XCBuildConfiguration section */

/* Begin XCConfigurationList section */
		FE68EEDC1D3823E5005EF0DF /* Build configuration list for PBXProject "Rankem" */ = {
			isa = XCConfigurationList;
			buildConfigurations = (
				FE68EEF11D3823E5005EF0DF /* Debug */,
				FE68EEF21D3823E5005EF0DF /* Release */,
			);
			defaultConfigurationIsVisible = 0;
			defaultConfigurationName = Release;
		};
		FE68EEF31D3823E5005EF0DF /* Build configuration list for PBXNativeTarget "Rankem" */ = {
			isa = XCConfigurationList;
			buildConfigurations = (
				FE68EEF41D3823E5005EF0DF /* Debug */,
				FE68EEF51D3823E5005EF0DF /* Release */,
			);
			defaultConfigurationIsVisible = 0;
			defaultConfigurationName = Release;
		};
		FEE48F5B1D4ABE9800A832A3 /* Build configuration list for PBXNativeTarget "JBChart" */ = {
			isa = XCConfigurationList;
			buildConfigurations = (
				FEE48F591D4ABE9800A832A3 /* Debug */,
				FEE48F5A1D4ABE9800A832A3 /* Release */,
			);
			defaultConfigurationIsVisible = 0;
			defaultConfigurationName = Release;
		};
/* End XCConfigurationList section */
	};
	rootObject = FE68EED91D3823E5005EF0DF /* Project object */;
}
